
Microsoft Visual Studio Solution File, Format Version 12.00
# Visual Studio Version 17
VisualStudioVersion = 17.10.35004.147
MinimumVisualStudioVersion = 10.0.40219.1
Project("{FAE04EC0-301F-11D3-BF4B-00C04F79EFBC}") = "PKMGerejaEbenhaezer.Web", "PKMGerejaEbenhaezer.Web\PKMGerejaEbenhaezer.Web.csproj", "{FE742F53-D5DD-4725-BA65-58C297B9D99E}"
EndProject
Global
	GlobalSection(SolutionConfigurationPlatforms) = preSolution
		Debug|Any CPU = Debug|Any CPU
		Release|Any CPU = Release|Any CPU
	EndGlobalSection
	GlobalSection(ProjectConfigurationPlatforms) = postSolution
		{FE742F53-D5DD-4725-BA65-58C297B9D99E}.Debug|Any CPU.ActiveCfg = Debug|Any CPU
		{FE742F53-D5DD-4725-BA65-58C297B9D99E}.Debug|Any CPU.Build.0 = Debug|Any CPU
		{FE742F53-D5DD-4725-BA65-58C297B9D99E}.Release|Any CPU.ActiveCfg = Release|Any CPU
		{FE742F53-D5DD-4725-BA65-58C297B9D99E}.Release|Any CPU.Build.0 = Release|Any CPU
	EndGlobalSection
	GlobalSection(SolutionProperties) = preSolution
		HideSolutionNode = FALSE
	EndGlobalSection
	GlobalSection(ExtensibilityGlobals) = postSolution
		SolutionGuid = {CFFECC71-A093-44A9-A8D3-69A615AB5ED4}
	EndGlobalSection
EndGlobal
